{
  "version": 4,
  "terraform_version": "1.11.2",
  "serial": 1,
  "lineage": "de3fd6e3-1d9d-e439-7514-a3110b92b392",
  "outputs": {},
  "resources": [
    {
      "mode": "managed",
      "type": "spotify_playlist",
      "name": "BEST",
      "provider": "provider[\"registry.terraform.io/conradludgate/spotify\"]",
      "instances": [
        {
          "schema_version": 0,
          "attributes": {
            "description": null,
            "id": "3puJzpPIgJwXkJOoS4sXqv",
            "name": "BEST",
            "public": true,
            "snapshot_id": "AAAAAh9LNKOWfVBqSmlGdG3BdjwUGMaj",
            "tracks": [
              "3ZOEytgrvLwQaqXreDs2Jx"
            ]
          },
          "sensitive_attributes": [],
          "private": "bnVsbA=="
        }
      ]
    }
  ],
  "check_results": null
}
